{
  "nodes": {
    "darwin": {
      "inputs": {
        "nixpkgs": [
          "nixpkgs"
        ]
      },
      "locked": {
        "lastModified": 1666776005,
        "narHash": "sha256-HwSMF19PpczfqNHKcFsA6cF4PVbG00uUSdbq6q3jB5o=",
        "owner": "LnL7",
        "repo": "nix-darwin",
        "rev": "f6648ca0698d1611d7eadfa72b122252b833f86c",
        "type": "github"
      },
      "original": {
        "owner": "LnL7",
        "ref": "master",
        "repo": "nix-darwin",
        "type": "github"
      }
    },
    "emacs-overlay": {
      "locked": {
        "lastModified": 1650018339,
        "narHash": "sha256-/JgduIKukuaNZecDI3q1TU/b2//1PtD7map5CMs9A/Q=",
        "owner": "nix-community",
        "repo": "emacs-overlay",
        "rev": "27fea646189ff7572453e1e3a4d1eb9dc5887fb2",
        "type": "github"
      },
      "original": {
        "owner": "nix-community",
        "repo": "emacs-overlay",
        "type": "github"
      }
    },
    "emacs-overlay-darwin": {
      "inputs": {
        "emacs-src": "emacs-src",
        "emacs-vterm-src": "emacs-vterm-src",
        "nixpkgs": "nixpkgs"
      },
      "locked": {
        "lastModified": 1673486587,
        "narHash": "sha256-wp3bL4m5oybPaFsgA9OZmIlFH1COSCE6i1MJ9wvGQ4c=",
        "owner": "cmacrae",
        "repo": "emacs",
        "rev": "8edb8de256c936ac6f3754600c028ccf93b48075",
        "type": "github"
      },
      "original": {
        "owner": "cmacrae",
        "repo": "emacs",
        "type": "github"
      }
    },
    "emacs-src": {
      "flake": false,
      "locked": {
        "lastModified": 1673457330,
        "narHash": "sha256-WddXxufI2ASmOsQdG+ewaHQr+j9MS6iUx52wObK7b/A=",
        "owner": "emacs-mirror",
        "repo": "emacs",
        "rev": "c51bfef34a6bdefad048444c279ea5b63a6aada1",
        "type": "github"
      },
      "original": {
        "owner": "emacs-mirror",
        "repo": "emacs",
        "type": "github"
      }
    },
    "emacs-vterm-src": {
      "flake": false,
      "locked": {
        "lastModified": 1668779692,
        "narHash": "sha256-dNW3eXgFgah7eIug+MqXTl59HfSbM5HLKwHdp1CAmyo=",
        "owner": "akermu",
        "repo": "emacs-libvterm",
        "rev": "f14d113ee4618f052879509ec378feb9766b871b",
        "type": "github"
      },
      "original": {
        "owner": "akermu",
        "repo": "emacs-libvterm",
        "type": "github"
      }
    },
    "flake-compat": {
      "flake": false,
      "locked": {
        "lastModified": 1648199409,
        "narHash": "sha256-JwPKdC2PoVBkG6E+eWw3j6BMR6sL3COpYWfif7RVb8Y=",
        "owner": "edolstra",
        "repo": "flake-compat",
        "rev": "64a525ee38886ab9028e6f61790de0832aa3ef03",
        "type": "github"
      },
      "original": {
        "owner": "edolstra",
        "repo": "flake-compat",
        "type": "github"
      }
    },
    "home-manager": {
      "inputs": {
        "nixpkgs": [
          "nixpkgs"
        ],
        "utils": "utils"
      },
      "locked": {
        "lastModified": 1667410913,
        "narHash": "sha256-5+S65dpXaIyMDeoPy823BzNH5HYY1wvZ6G+rzTnO8kY=",
        "owner": "nix-community",
        "repo": "home-manager",
        "rev": "f520832a47dbc24d1e2c4e4b9a3dbe910777d1a2",
        "type": "github"
      },
      "original": {
        "owner": "nix-community",
        "repo": "home-manager",
        "type": "github"
      }
    },
    "nixpkgs": {
      "locked": {
        "lastModified": 1673363027,
        "narHash": "sha256-nuPLEsEUvERI+gwmqknerUVHhdzDiZHKZ18Ibkvo7VQ=",
        "owner": "nixos",
        "repo": "nixpkgs",
        "rev": "d3b4150929d4fed7eb626695c4f78881cfcbeb9e",
        "type": "github"
      },
      "original": {
        "owner": "nixos",
        "ref": "nixpkgs-unstable",
        "repo": "nixpkgs",
        "type": "github"
      }
    },
    "nixpkgs-stable": {
      "locked": {
        "lastModified": 1651093906,
        "narHash": "sha256-kHXSbv+Hc73eV0/JVJ5YsJGr08bA4vJ3/XZew5PgZg0=",
        "owner": "nixos",
        "repo": "nixpkgs",
        "rev": "feea25c58657fa81d16e0e51f80e1a02ef4cbd49",
        "type": "github"
      },
      "original": {
        "owner": "nixos",
        "ref": "nixos-21.11",
        "repo": "nixpkgs",
        "type": "github"
      }
    },
    "nixpkgs_2": {
      "locked": {
        "lastModified": 1673363027,
        "narHash": "sha256-nuPLEsEUvERI+gwmqknerUVHhdzDiZHKZ18Ibkvo7VQ=",
        "owner": "nixos",
        "repo": "nixpkgs",
        "rev": "d3b4150929d4fed7eb626695c4f78881cfcbeb9e",
        "type": "github"
      },
      "original": {
        "owner": "nixos",
        "ref": "nixpkgs-unstable",
        "repo": "nixpkgs",
        "type": "github"
      }
    },
    "root": {
      "inputs": {
        "darwin": "darwin",
        "emacs-overlay": "emacs-overlay",
        "emacs-overlay-darwin": "emacs-overlay-darwin",
        "flake-compat": "flake-compat",
        "home-manager": "home-manager",
        "nixpkgs": "nixpkgs_2",
        "nixpkgs-stable": "nixpkgs-stable"
      }
    },
    "utils": {
      "locked": {
        "lastModified": 1667077288,
        "narHash": "sha256-bdC8sFNDpT0HK74u9fUkpbf1MEzVYJ+ka7NXCdgBoaA=",
        "owner": "numtide",
        "repo": "flake-utils",
        "rev": "6ee9ebb6b1ee695d2cacc4faa053a7b9baa76817",
        "type": "github"
      },
      "original": {
        "owner": "numtide",
        "repo": "flake-utils",
        "type": "github"
      }
    }
  },
  "root": "root",
  "version": 7
}
