{
  "nodes": {
    "darwin": {
      "inputs": {
        "nixpkgs": [
          "nixpkgs"
        ]
      },
      "locked": {
        "lastModified": 1616489387,
        "narHash": "sha256-XHhFOXMUfDZzdL+YWKB0yIBJ4a/tm+agbHV22B3husM=",
        "owner": "hardselius",
        "repo": "nix-darwin",
        "rev": "1f8eb9b128f9afcf84c521729d8a6b4ea5b59b91",
        "type": "github"
      },
      "original": {
        "owner": "hardselius",
        "repo": "nix-darwin",
        "type": "github"
      }
    },
    "flake-utils": {
      "locked": {
        "lastModified": 1617631617,
        "narHash": "sha256-PARRCz55qN3gy07VJZIlFeOX420d0nGF0RzGI/9hVlw=",
        "owner": "numtide",
        "repo": "flake-utils",
        "rev": "b2c27d1a81b0dc266270fa8aeecebbd1807fc610",
        "type": "github"
      },
      "original": {
        "owner": "numtide",
        "repo": "flake-utils",
        "type": "github"
      }
    },
    "home-manager": {
      "inputs": {
        "nixpkgs": [
          "nixpkgs"
        ]
      },
      "locked": {
        "lastModified": 1617625716,
        "narHash": "sha256-B36WKNVwtmRk3oqJ9XbOca0iy1Ga1dW6E26iavRFPKQ=",
        "owner": "nix-community",
        "repo": "home-manager",
        "rev": "cc60c22c69e6967b732d02f072a9f1e30454e4f6",
        "type": "github"
      },
      "original": {
        "owner": "nix-community",
        "repo": "home-manager",
        "type": "github"
      }
    },
    "nixos-stable": {
      "locked": {
        "lastModified": 1617542311,
        "narHash": "sha256-YbYqpUA8EChwUaUSj8wIukv9ieFQdUnSSm5RypghNBA=",
        "owner": "nixos",
        "repo": "nixpkgs",
        "rev": "91b77fe6942fe999b1efbe906dc98024d1917c0d",
        "type": "github"
      },
      "original": {
        "owner": "nixos",
        "ref": "nixos-20.09",
        "repo": "nixpkgs",
        "type": "github"
      }
    },
    "nixpkgs": {
      "locked": {
        "lastModified": 1617325113,
        "narHash": "sha256-GksR0nvGxfZ79T91UUtWjjccxazv6Yh/MvEJ82v1Xmw=",
        "owner": "nixos",
        "repo": "nixpkgs",
        "rev": "54c1e44240d8a527a8f4892608c4bce5440c3ecb",
        "type": "github"
      },
      "original": {
        "owner": "nixos",
        "ref": "nixpkgs-unstable",
        "repo": "nixpkgs",
        "type": "github"
      }
    },
    "nixpkgs-master": {
      "locked": {
        "lastModified": 1617635984,
        "narHash": "sha256-jRZm3NlIqRZFLOjhQyt9vbvHMZC08g9/uDp4SweW9Sw=",
        "owner": "nixos",
        "repo": "nixpkgs",
        "rev": "026b9db487effe5208c78d703a97cca91e8d21e0",
        "type": "github"
      },
      "original": {
        "owner": "nixos",
        "ref": "master",
        "repo": "nixpkgs",
        "type": "github"
      }
    },
    "nixpkgs-stable-darwin": {
      "locked": {
        "lastModified": 1617146108,
        "narHash": "sha256-Y7ThcrI5BNbXEc8KAYlqcAYAtAl9btqcFaqzLCsslkw=",
        "owner": "nixos",
        "repo": "nixpkgs",
        "rev": "fe9aef0135d6496e2b2121c37217a57af78d4e69",
        "type": "github"
      },
      "original": {
        "owner": "nixos",
        "ref": "nixpkgs-20.09-darwin",
        "repo": "nixpkgs",
        "type": "github"
      }
    },
    "root": {
      "inputs": {
        "darwin": "darwin",
        "flake-utils": "flake-utils",
        "home-manager": "home-manager",
        "nixos-stable": "nixos-stable",
        "nixpkgs": "nixpkgs",
        "nixpkgs-master": "nixpkgs-master",
        "nixpkgs-stable-darwin": "nixpkgs-stable-darwin"
      }
    }
  },
  "root": "root",
  "version": 7
}
